// !$*UTF8*$!
{
	archiveVersion = 1;
	classes = {
	};
	objectVersion = 46;
	objects = {

/* Begin PBXBuildFile section */
		4E963A9473316CEA9B70DC3B /* libPods-the-testUITests.a in Frameworks */ = {isa = PBXBuildFile; fileRef = 766FD3AF6F362B1C90DB626F /* libPods-the-testUITests.a */; };
		5089ED72226C7858AB7EEE53 /* libPods-the-testTests.a in Frameworks */ = {isa = PBXBuildFile; fileRef = 1A1660CF6DA0819FF8831F71 /* libPods-the-testTests.a */; };
		569BE78C1F699C3800151EF1 /* main.m in Sources */ = {isa = PBXBuildFile; fileRef = 569BE78B1F699C3800151EF1 /* main.m */; };
		569BE78F1F699C3800151EF1 /* AppDelegate.m in Sources */ = {isa = PBXBuildFile; fileRef = 569BE78E1F699C3800151EF1 /* AppDelegate.m */; };
		569BE7921F699C3800151EF1 /* ViewController.m in Sources */ = {isa = PBXBuildFile; fileRef = 569BE7911F699C3800151EF1 /* ViewController.m */; };
		569BE7951F699C3800151EF1 /* Main.storyboard in Resources */ = {isa = PBXBuildFile; fileRef = 569BE7931F699C3800151EF1 /* Main.storyboard */; };
		569BE7981F699C3800151EF1 /* the_test.xcdatamodeld in Sources */ = {isa = PBXBuildFile; fileRef = 569BE7961F699C3800151EF1 /* the_test.xcdatamodeld */; };
		569BE79A1F699C3800151EF1 /* Assets.xcassets in Resources */ = {isa = PBXBuildFile; fileRef = 569BE7991F699C3800151EF1 /* Assets.xcassets */; };
		569BE79D1F699C3800151EF1 /* LaunchScreen.storyboard in Resources */ = {isa = PBXBuildFile; fileRef = 569BE79B1F699C3800151EF1 /* LaunchScreen.storyboard */; };
		569BE7A81F699C3800151EF1 /* the_testTests.m in Sources */ = {isa = PBXBuildFile; fileRef = 569BE7A71F699C3800151EF1 /* the_testTests.m */; };
		569BE7B31F699C3800151EF1 /* the_testUITests.m in Sources */ = {isa = PBXBuildFile; fileRef = 569BE7B21F699C3800151EF1 /* the_testUITests.m */; };
		6F2EEA5263A1ABE0CCF709B6 /* libPods-the-test.a in Frameworks */ = {isa = PBXBuildFile; fileRef = AB6C2B26B236672B80A0F73D /* libPods-the-test.a */; };
/* End PBXBuildFile section */

/* Begin PBXContainerItemProxy section */
		569BE7A41F699C3800151EF1 /* PBXContainerItemProxy */ = {
			isa = PBXContainerItemProxy;
			containerPortal = 569BE77F1F699C3800151EF1 /* Project object */;
			proxyType = 1;
			remoteGlobalIDString = 569BE7861F699C3800151EF1;
			remoteInfo = "the-test";
		};
		569BE7AF1F699C3800151EF1 /* PBXContainerItemProxy */ = {
			isa = PBXContainerItemProxy;
			containerPortal = 569BE77F1F699C3800151EF1 /* Project object */;
			proxyType = 1;
			remoteGlobalIDString = 569BE7861F699C3800151EF1;
			remoteInfo = "the-test";
		};
/* End PBXContainerItemProxy section */

/* Begin PBXFileReference section */
		1A1660CF6DA0819FF8831F71 /* libPods-the-testTests.a */ = {isa = PBXFileReference; explicitFileType = archive.ar; includeInIndex = 0; path = "libPods-the-testTests.a"; sourceTree = BUILT_PRODUCTS_DIR; };
		2FF1C56AC7BCE02D255E14BD /* Pods-the-test.debug.xcconfig */ = {isa = PBXFileReference; includeInIndex = 1; lastKnownFileType = text.xcconfig; name = "Pods-the-test.debug.xcconfig"; path = "Pods/Target Support Files/Pods-the-test/Pods-the-test.debug.xcconfig"; sourceTree = "<group>"; };
		3FBD383B3DB910B7CE545D8D /* Pods-the-testTests.debug.xcconfig */ = {isa = PBXFileReference; includeInIndex = 1; lastKnownFileType = text.xcconfig; name = "Pods-the-testTests.debug.xcconfig"; path = "Pods/Target Support Files/Pods-the-testTests/Pods-the-testTests.debug.xcconfig"; sourceTree = "<group>"; };
		569BE7871F699C3800151EF1 /* the-test.app */ = {isa = PBXFileReference; explicitFileType = wrapper.application; includeInIndex = 0; path = "the-test.app"; sourceTree = BUILT_PRODUCTS_DIR; };
		569BE78B1F699C3800151EF1 /* main.m */ = {isa = PBXFileReference; lastKnownFileType = sourcecode.c.objc; path = main.m; sourceTree = "<group>"; };
		569BE78D1F699C3800151EF1 /* AppDelegate.h */ = {isa = PBXFileReference; lastKnownFileType = sourcecode.c.h; path = AppDelegate.h; sourceTree = "<group>"; };
		569BE78E1F699C3800151EF1 /* AppDelegate.m */ = {isa = PBXFileReference; lastKnownFileType = sourcecode.c.objc; path = AppDelegate.m; sourceTree = "<group>"; };
		569BE7901F699C3800151EF1 /* ViewController.h */ = {isa = PBXFileReference; lastKnownFileType = sourcecode.c.h; path = ViewController.h; sourceTree = "<group>"; };
		569BE7911F699C3800151EF1 /* ViewController.m */ = {isa = PBXFileReference; lastKnownFileType = sourcecode.c.objc; path = ViewController.m; sourceTree = "<group>"; };
		569BE7941F699C3800151EF1 /* Base */ = {isa = PBXFileReference; lastKnownFileType = file.storyboard; name = Base; path = Base.lproj/Main.storyboard; sourceTree = "<group>"; };
		569BE7971F699C3800151EF1 /* the_test.xcdatamodel */ = {isa = PBXFileReference; lastKnownFileType = wrapper.xcdatamodel; path = the_test.xcdatamodel; sourceTree = "<group>"; };
		569BE7991F699C3800151EF1 /* Assets.xcassets */ = {isa = PBXFileReference; lastKnownFileType = folder.assetcatalog; path = Assets.xcassets; sourceTree = "<group>"; };
		569BE79C1F699C3800151EF1 /* Base */ = {isa = PBXFileReference; lastKnownFileType = file.storyboard; name = Base; path = Base.lproj/LaunchScreen.storyboard; sourceTree = "<group>"; };
		569BE79E1F699C3800151EF1 /* Info.plist */ = {isa = PBXFileReference; lastKnownFileType = text.plist.xml; path = Info.plist; sourceTree = "<group>"; };
		569BE7A31F699C3800151EF1 /* the-testTests.xctest */ = {isa = PBXFileReference; explicitFileType = wrapper.cfbundle; includeInIndex = 0; path = "the-testTests.xctest"; sourceTree = BUILT_PRODUCTS_DIR; };
		569BE7A71F699C3800151EF1 /* the_testTests.m */ = {isa = PBXFileReference; lastKnownFileType = sourcecode.c.objc; path = the_testTests.m; sourceTree = "<group>"; };
		569BE7A91F699C3800151EF1 /* Info.plist */ = {isa = PBXFileReference; lastKnownFileType = text.plist.xml; path = Info.plist; sourceTree = "<group>"; };
		569BE7AE1F699C3800151EF1 /* the-testUITests.xctest */ = {isa = PBXFileReference; explicitFileType = wrapper.cfbundle; includeInIndex = 0; path = "the-testUITests.xctest"; sourceTree = BUILT_PRODUCTS_DIR; };
		569BE7B21F699C3800151EF1 /* the_testUITests.m */ = {isa = PBXFileReference; lastKnownFileType = sourcecode.c.objc; path = the_testUITests.m; sourceTree = "<group>"; };
		569BE7B41F699C3800151EF1 /* Info.plist */ = {isa = PBXFileReference; lastKnownFileType = text.plist.xml; path = Info.plist; sourceTree = "<group>"; };
		666259FA4ACFD7B7A041BE11 /* Pods-the-testTests.release.xcconfig */ = {isa = PBXFileReference; includeInIndex = 1; lastKnownFileType = text.xcconfig; name = "Pods-the-testTests.release.xcconfig"; path = "Pods/Target Support Files/Pods-the-testTests/Pods-the-testTests.release.xcconfig"; sourceTree = "<group>"; };
		766FD3AF6F362B1C90DB626F /* libPods-the-testUITests.a */ = {isa = PBXFileReference; explicitFileType = archive.ar; includeInIndex = 0; path = "libPods-the-testUITests.a"; sourceTree = BUILT_PRODUCTS_DIR; };
		7E05D463CD18C6EA3D0D2348 /* Pods-the-test.release.xcconfig */ = {isa = PBXFileReference; includeInIndex = 1; lastKnownFileType = text.xcconfig; name = "Pods-the-test.release.xcconfig"; path = "Pods/Target Support Files/Pods-the-test/Pods-the-test.release.xcconfig"; sourceTree = "<group>"; };
		A77FC5F5E8A3FC8DA920C063 /* Pods-the-testUITests.release.xcconfig */ = {isa = PBXFileReference; includeInIndex = 1; lastKnownFileType = text.xcconfig; name = "Pods-the-testUITests.release.xcconfig"; path = "Pods/Target Support Files/Pods-the-testUITests/Pods-the-testUITests.release.xcconfig"; sourceTree = "<group>"; };
		AB6C2B26B236672B80A0F73D /* libPods-the-test.a */ = {isa = PBXFileReference; explicitFileType = archive.ar; includeInIndex = 0; path = "libPods-the-test.a"; sourceTree = BUILT_PRODUCTS_DIR; };
		ED903CD61ADC24E7B14347CB /* Pods-the-testUITests.debug.xcconfig */ = {isa = PBXFileReference; includeInIndex = 1; lastKnownFileType = text.xcconfig; name = "Pods-the-testUITests.debug.xcconfig"; path = "Pods/Target Support Files/Pods-the-testUITests/Pods-the-testUITests.debug.xcconfig"; sourceTree = "<group>"; };
/* End PBXFileReference section */

/* Begin PBXFrameworksBuildPhase section */
		569BE7841F699C3800151EF1 /* Frameworks */ = {
			isa = PBXFrameworksBuildPhase;
			buildActionMask = 2147483647;
			files = (
				6F2EEA5263A1ABE0CCF709B6 /* libPods-the-test.a in Frameworks */,
			);
			runOnlyForDeploymentPostprocessing = 0;
		};
		569BE7A01F699C3800151EF1 /* Frameworks */ = {
			isa = PBXFrameworksBuildPhase;
			buildActionMask = 2147483647;
			files = (
				5089ED72226C7858AB7EEE53 /* libPods-the-testTests.a in Frameworks */,
			);
			runOnlyForDeploymentPostprocessing = 0;
		};
		569BE7AB1F699C3800151EF1 /* Frameworks */ = {
			isa = PBXFrameworksBuildPhase;
			buildActionMask = 2147483647;
			files = (
				4E963A9473316CEA9B70DC3B /* libPods-the-testUITests.a in Frameworks */,
			);
			runOnlyForDeploymentPostprocessing = 0;
		};
/* End PBXFrameworksBuildPhase section */

/* Begin PBXGroup section */
		2BBCF90F0E11B92EF933658A /* Pods */ = {
			isa = PBXGroup;
			children = (
				2FF1C56AC7BCE02D255E14BD /* Pods-the-test.debug.xcconfig */,
				7E05D463CD18C6EA3D0D2348 /* Pods-the-test.release.xcconfig */,
				3FBD383B3DB910B7CE545D8D /* Pods-the-testTests.debug.xcconfig */,
				666259FA4ACFD7B7A041BE11 /* Pods-the-testTests.release.xcconfig */,
				ED903CD61ADC24E7B14347CB /* Pods-the-testUITests.debug.xcconfig */,
				A77FC5F5E8A3FC8DA920C063 /* Pods-the-testUITests.release.xcconfig */,
			);
			name = Pods;
			sourceTree = "<group>";
		};
		569BE77E1F699C3800151EF1 = {
			isa = PBXGroup;
			children = (
				569BE7891F699C3800151EF1 /* the-test */,
				569BE7A61F699C3800151EF1 /* the-testTests */,
				569BE7B11F699C3800151EF1 /* the-testUITests */,
				569BE7881F699C3800151EF1 /* Products */,
				2BBCF90F0E11B92EF933658A /* Pods */,
				A5D657876DBF1CECB31D78B4 /* Frameworks */,
			);
			sourceTree = "<group>";
		};
		569BE7881F699C3800151EF1 /* Products */ = {
			isa = PBXGroup;
			children = (
				569BE7871F699C3800151EF1 /* the-test.app */,
				569BE7A31F699C3800151EF1 /* the-testTests.xctest */,
				569BE7AE1F699C3800151EF1 /* the-testUITests.xctest */,
			);
			name = Products;
			sourceTree = "<group>";
		};
		569BE7891F699C3800151EF1 /* the-test */ = {
			isa = PBXGroup;
			children = (
				569BE78D1F699C3800151EF1 /* AppDelegate.h */,
				569BE78E1F699C3800151EF1 /* AppDelegate.m */,
				569BE7901F699C3800151EF1 /* ViewController.h */,
				569BE7911F699C3800151EF1 /* ViewController.m */,
				569BE7931F699C3800151EF1 /* Main.storyboard */,
				569BE7991F699C3800151EF1 /* Assets.xcassets */,
				569BE79B1F699C3800151EF1 /* LaunchScreen.storyboard */,
				569BE79E1F699C3800151EF1 /* Info.plist */,
				569BE7961F699C3800151EF1 /* the_test.xcdatamodeld */,
				569BE78A1F699C3800151EF1 /* Supporting Files */,
			);
			path = "the-test";
			sourceTree = "<group>";
		};
		569BE78A1F699C3800151EF1 /* Supporting Files */ = {
			isa = PBXGroup;
			children = (
				569BE78B1F699C3800151EF1 /* main.m */,
			);
			name = "Supporting Files";
			sourceTree = "<group>";
		};
		569BE7A61F699C3800151EF1 /* the-testTests */ = {
			isa = PBXGroup;
			children = (
				569BE7A71F699C3800151EF1 /* the_testTests.m */,
				569BE7A91F699C3800151EF1 /* Info.plist */,
			);
			path = "the-testTests";
			sourceTree = "<group>";
		};
		569BE7B11F699C3800151EF1 /* the-testUITests */ = {
			isa = PBXGroup;
			children = (
				569BE7B21F699C3800151EF1 /* the_testUITests.m */,
				569BE7B41F699C3800151EF1 /* Info.plist */,
			);
			path = "the-testUITests";
			sourceTree = "<group>";
		};
		A5D657876DBF1CECB31D78B4 /* Frameworks */ = {
			isa = PBXGroup;
			children = (
				AB6C2B26B236672B80A0F73D /* libPods-the-test.a */,
				1A1660CF6DA0819FF8831F71 /* libPods-the-testTests.a */,
				766FD3AF6F362B1C90DB626F /* libPods-the-testUITests.a */,
			);
			name = Frameworks;
			sourceTree = "<group>";
		};
/* End PBXGroup section */

/* Begin PBXNativeTarget section */
		569BE7861F699C3800151EF1 /* the-test */ = {
			isa = PBXNativeTarget;
			buildConfigurationList = 569BE7B71F699C3800151EF1 /* Build configuration list for PBXNativeTarget "the-test" */;
			buildPhases = (
				CA17426110E23F11DD58F9B2 /* [CP] Check Pods Manifest.lock */,
				569BE7831F699C3800151EF1 /* Sources */,
				569BE7841F699C3800151EF1 /* Frameworks */,
				569BE7851F699C3800151EF1 /* Resources */,
				4970E2509DBE51D0BBCDA93A /* [CP] Embed Pods Frameworks */,
				E3421C320868B0871B4FD751 /* [CP] Copy Pods Resources */,
			);
			buildRules = (
			);
			dependencies = (
			);
			name = "the-test";
			productName = "the-test";
			productReference = 569BE7871F699C3800151EF1 /* the-test.app */;
			productType = "com.apple.product-type.application";
		};
		569BE7A21F699C3800151EF1 /* the-testTests */ = {
			isa = PBXNativeTarget;
			buildConfigurationList = 569BE7BA1F699C3800151EF1 /* Build configuration list for PBXNativeTarget "the-testTests" */;
			buildPhases = (
				CF5757204B710FE7EA09A272 /* [CP] Check Pods Manifest.lock */,
				569BE79F1F699C3800151EF1 /* Sources */,
				569BE7A01F699C3800151EF1 /* Frameworks */,
				569BE7A11F699C3800151EF1 /* Resources */,
				903D5F55E6D24847394A4316 /* [CP] Embed Pods Frameworks */,
				CFC32DC7F71D20A3FA2A1ACD /* [CP] Copy Pods Resources */,
			);
			buildRules = (
			);
			dependencies = (
				569BE7A51F699C3800151EF1 /* PBXTargetDependency */,
			);
			name = "the-testTests";
			productName = "the-testTests";
			productReference = 569BE7A31F699C3800151EF1 /* the-testTests.xctest */;
			productType = "com.apple.product-type.bundle.unit-test";
		};
		569BE7AD1F699C3800151EF1 /* the-testUITests */ = {
			isa = PBXNativeTarget;
			buildConfigurationList = 569BE7BD1F699C3800151EF1 /* Build configuration list for PBXNativeTarget "the-testUITests" */;
			buildPhases = (
				2C93BB71BAA2812E65FF6F0E /* [CP] Check Pods Manifest.lock */,
				569BE7AA1F699C3800151EF1 /* Sources */,
				569BE7AB1F699C3800151EF1 /* Frameworks */,
				569BE7AC1F699C3800151EF1 /* Resources */,
				C3D803A74CED79CAC6BFD902 /* [CP] Embed Pods Frameworks */,
				56C939EB30C8FA13255CB75C /* [CP] Copy Pods Resources */,
			);
			buildRules = (
			);
			dependencies = (
				569BE7B01F699C3800151EF1 /* PBXTargetDependency */,
			);
			name = "the-testUITests";
			productName = "the-testUITests";
			productReference = 569BE7AE1F699C3800151EF1 /* the-testUITests.xctest */;
			productType = "com.apple.product-type.bundle.ui-testing";
		};
/* End PBXNativeTarget section */

/* Begin PBXProject section */
		569BE77F1F699C3800151EF1 /* Project object */ = {
			isa = PBXProject;
			attributes = {
				LastUpgradeCheck = 0830;
				ORGANIZATIONNAME = "Sara Ahbabou";
				TargetAttributes = {
					569BE7861F699C3800151EF1 = {
						CreatedOnToolsVersion = 8.3.3;
						ProvisioningStyle = Automatic;
					};
					569BE7A21F699C3800151EF1 = {
						CreatedOnToolsVersion = 8.3.3;
						ProvisioningStyle = Automatic;
						TestTargetID = 569BE7861F699C3800151EF1;
					};
					569BE7AD1F699C3800151EF1 = {
						CreatedOnToolsVersion = 8.3.3;
						ProvisioningStyle = Automatic;
						TestTargetID = 569BE7861F699C3800151EF1;
					};
				};
			};
			buildConfigurationList = 569BE7821F699C3800151EF1 /* Build configuration list for PBXProject "the-test" */;
			compatibilityVersion = "Xcode 3.2";
			developmentRegion = English;
			hasScannedForEncodings = 0;
			knownRegions = (
				en,
				Base,
			);
			mainGroup = 569BE77E1F699C3800151EF1;
			productRefGroup = 569BE7881F699C3800151EF1 /* Products */;
			projectDirPath = "";
			projectRoot = "";
			targets = (
				569BE7861F699C3800151EF1 /* the-test */,
				569BE7A21F699C3800151EF1 /* the-testTests */,
				569BE7AD1F699C3800151EF1 /* the-testUITests */,
			);
		};
/* End PBXProject section */

/* Begin PBXResourcesBuildPhase section */
		569BE7851F699C3800151EF1 /* Resources */ = {
			isa = PBXResourcesBuildPhase;
			buildActionMask = 2147483647;
			files = (
				569BE79D1F699C3800151EF1 /* LaunchScreen.storyboard in Resources */,
				569BE79A1F699C3800151EF1 /* Assets.xcassets in Resources */,
				569BE7951F699C3800151EF1 /* Main.storyboard in Resources */,
			);
			runOnlyForDeploymentPostprocessing = 0;
		};
		569BE7A11F699C3800151EF1 /* Resources */ = {
			isa = PBXResourcesBuildPhase;
			buildActionMask = 2147483647;
			files = (
			);
			runOnlyForDeploymentPostprocessing = 0;
		};
		569BE7AC1F699C3800151EF1 /* Resources */ = {
			isa = PBXResourcesBuildPhase;
			buildActionMask = 2147483647;
			files = (
			);
			runOnlyForDeploymentPostprocessing = 0;
		};
/* End PBXResourcesBuildPhase section */

/* Begin PBXShellScriptBuildPhase section */
		2C93BB71BAA2812E65FF6F0E /* [CP] Check Pods Manifest.lock */ = {
			isa = PBXShellScriptBuildPhase;
			buildActionMask = 2147483647;
			files = (
			);
			inputPaths = (
				"${PODS_PODFILE_DIR_PATH}/Podfile.lock",
				"${PODS_ROOT}/Manifest.lock",
			);
			name = "[CP] Check Pods Manifest.lock";
			outputPaths = (
				"$(DERIVED_FILE_DIR)/Pods-the-testUITests-checkManifestLockResult.txt",
			);
			runOnlyForDeploymentPostprocessing = 0;
			shellPath = /bin/sh;
			shellScript = "diff \"${PODS_PODFILE_DIR_PATH}/Podfile.lock\" \"${PODS_ROOT}/Manifest.lock\" > /dev/null\nif [ $? != 0 ] ; then\n    # print error to STDERR\n    echo \"error: The sandbox is not in sync with the Podfile.lock. Run 'pod install' or update your CocoaPods installation.\" >&2\n    exit 1\nfi\n# This output is used by Xcode 'outputs' to avoid re-running this script phase.\necho \"SUCCESS\" > \"${SCRIPT_OUTPUT_FILE_0}\"\n";
			showEnvVarsInLog = 0;
		};
		4970E2509DBE51D0BBCDA93A /* [CP] Embed Pods Frameworks */ = {
			isa = PBXShellScriptBuildPhase;
			buildActionMask = 2147483647;
			files = (
			);
			inputPaths = (
			);
			name = "[CP] Embed Pods Frameworks";
			outputPaths = (
			);
			runOnlyForDeploymentPostprocessing = 0;
			shellPath = /bin/sh;
			shellScript = "\"${SRCROOT}/Pods/Target Support Files/Pods-the-test/Pods-the-test-frameworks.sh\"\n";
			showEnvVarsInLog = 0;
		};
		56C939EB30C8FA13255CB75C /* [CP] Copy Pods Resources */ = {
			isa = PBXShellScriptBuildPhase;
			buildActionMask = 2147483647;
			files = (
			);
			inputPaths = (
			);
			name = "[CP] Copy Pods Resources";
			outputPaths = (
			);
			runOnlyForDeploymentPostprocessing = 0;
			shellPath = /bin/sh;
			shellScript = "\"${SRCROOT}/Pods/Target Support Files/Pods-the-testUITests/Pods-the-testUITests-resources.sh\"\n";
			showEnvVarsInLog = 0;
		};
		903D5F55E6D24847394A4316 /* [CP] Embed Pods Frameworks */ = {
			isa = PBXShellScriptBuildPhase;
			buildActionMask = 2147483647;
			files = (
			);
			inputPaths = (
			);
			name = "[CP] Embed Pods Frameworks";
			outputPaths = (
			);
			runOnlyForDeploymentPostprocessing = 0;
			shellPath = /bin/sh;
			shellScript = "\"${SRCROOT}/Pods/Target Support Files/Pods-the-testTests/Pods-the-testTests-frameworks.sh\"\n";
			showEnvVarsInLog = 0;
		};
		C3D803A74CED79CAC6BFD902 /* [CP] Embed Pods Frameworks */ = {
			isa = PBXShellScriptBuildPhase;
			buildActionMask = 2147483647;
			files = (
			);
			inputPaths = (
			);
			name = "[CP] Embed Pods Frameworks";
			outputPaths = (
			);
			runOnlyForDeploymentPostprocessing = 0;
			shellPath = /bin/sh;
			shellScript = "\"${SRCROOT}/Pods/Target Support Files/Pods-the-testUITests/Pods-the-testUITests-frameworks.sh\"\n";
			showEnvVarsInLog = 0;
		};
		CA17426110E23F11DD58F9B2 /* [CP] Check Pods Manifest.lock */ = {
			isa = PBXShellScriptBuildPhase;
			buildActionMask = 2147483647;
			files = (
			);
			inputPaths = (
				"${PODS_PODFILE_DIR_PATH}/Podfile.lock",
				"${PODS_ROOT}/Manifest.lock",
			);
			name = "[CP] Check Pods Manifest.lock";
			outputPaths = (
				"$(DERIVED_FILE_DIR)/Pods-the-test-checkManifestLockResult.txt",
			);
			runOnlyForDeploymentPostprocessing = 0;
			shellPath = /bin/sh;
			shellScript = "diff \"${PODS_PODFILE_DIR_PATH}/Podfile.lock\" \"${PODS_ROOT}/Manifest.lock\" > /dev/null\nif [ $? != 0 ] ; then\n    # print error to STDERR\n    echo \"error: The sandbox is not in sync with the Podfile.lock. Run 'pod install' or update your CocoaPods installation.\" >&2\n    exit 1\nfi\n# This output is used by Xcode 'outputs' to avoid re-running this script phase.\necho \"SUCCESS\" > \"${SCRIPT_OUTPUT_FILE_0}\"\n";
			showEnvVarsInLog = 0;
		};
		CF5757204B710FE7EA09A272 /* [CP] Check Pods Manifest.lock */ = {
			isa = PBXShellScriptBuildPhase;
			buildActionMask = 2147483647;
			files = (
			);
			inputPaths = (
				"${PODS_PODFILE_DIR_PATH}/Podfile.lock",
				"${PODS_ROOT}/Manifest.lock",
			);
			name = "[CP] Check Pods Manifest.lock";
			outputPaths = (
				"$(DERIVED_FILE_DIR)/Pods-the-testTests-checkManifestLockResult.txt",
			);
			runOnlyForDeploymentPostprocessing = 0;
			shellPath = /bin/sh;
			shellScript = "diff \"${PODS_PODFILE_DIR_PATH}/Podfile.lock\" \"${PODS_ROOT}/Manifest.lock\" > /dev/null\nif [ $? != 0 ] ; then\n    # print error to STDERR\n    echo \"error: The sandbox is not in sync with the Podfile.lock. Run 'pod install' or update your CocoaPods installation.\" >&2\n    exit 1\nfi\n# This output is used by Xcode 'outputs' to avoid re-running this script phase.\necho \"SUCCESS\" > \"${SCRIPT_OUTPUT_FILE_0}\"\n";
			showEnvVarsInLog = 0;
		};
		CFC32DC7F71D20A3FA2A1ACD /* [CP] Copy Pods Resources */ = {
			isa = PBXShellScriptBuildPhase;
			buildActionMask = 2147483647;
			files = (
			);
			inputPaths = (
			);
			name = "[CP] Copy Pods Resources";
			outputPaths = (
			);
			runOnlyForDeploymentPostprocessing = 0;
			shellPath = /bin/sh;
			shellScript = "\"${SRCROOT}/Pods/Target Support Files/Pods-the-testTests/Pods-the-testTests-resources.sh\"\n";
			showEnvVarsInLog = 0;
		};
		E3421C320868B0871B4FD751 /* [CP] Copy Pods Resources */ = {
			isa = PBXShellScriptBuildPhase;
			buildActionMask = 2147483647;
			files = (
			);
			inputPaths = (
			);
			name = "[CP] Copy Pods Resources";
			outputPaths = (
			);
			runOnlyForDeploymentPostprocessing = 0;
			shellPath = /bin/sh;
			shellScript = "\"${SRCROOT}/Pods/Target Support Files/Pods-the-test/Pods-the-test-resources.sh\"\n";
			showEnvVarsInLog = 0;
		};
/* End PBXShellScriptBuildPhase section */

/* Begin PBXSourcesBuildPhase section */
		569BE7831F699C3800151EF1 /* Sources */ = {
			isa = PBXSourcesBuildPhase;
			buildActionMask = 2147483647;
			files = (
				569BE7921F699C3800151EF1 /* ViewController.m in Sources */,
				569BE7981F699C3800151EF1 /* the_test.xcdatamodeld in Sources */,
				569BE78F1F699C3800151EF1 /* AppDelegate.m in Sources */,
				569BE78C1F699C3800151EF1 /* main.m in Sources */,
			);
			runOnlyForDeploymentPostprocessing = 0;
		};
		569BE79F1F699C3800151EF1 /* Sources */ = {
			isa = PBXSourcesBuildPhase;
			buildActionMask = 2147483647;
			files = (
				569BE7A81F699C3800151EF1 /* the_testTests.m in Sources */,
			);
			runOnlyForDeploymentPostprocessing = 0;
		};
		569BE7AA1F699C3800151EF1 /* Sources */ = {
			isa = PBXSourcesBuildPhase;
			buildActionMask = 2147483647;
			files = (
				569BE7B31F699C3800151EF1 /* the_testUITests.m in Sources */,
			);
			runOnlyForDeploymentPostprocessing = 0;
		};
/* End PBXSourcesBuildPhase section */

/* Begin PBXTargetDependency section */
		569BE7A51F699C3800151EF1 /* PBXTargetDependency */ = {
			isa = PBXTargetDependency;
			target = 569BE7861F699C3800151EF1 /* the-test */;
			targetProxy = 569BE7A41F699C3800151EF1 /* PBXContainerItemProxy */;
		};
		569BE7B01F699C3800151EF1 /* PBXTargetDependency */ = {
			isa = PBXTargetDependency;
			target = 569BE7861F699C3800151EF1 /* the-test */;
			targetProxy = 569BE7AF1F699C3800151EF1 /* PBXContainerItemProxy */;
		};
/* End PBXTargetDependency section */

/* Begin PBXVariantGroup section */
		569BE7931F699C3800151EF1 /* Main.storyboard */ = {
			isa = PBXVariantGroup;
			children = (
				569BE7941F699C3800151EF1 /* Base */,
			);
			name = Main.storyboard;
			sourceTree = "<group>";
		};
		569BE79B1F699C3800151EF1 /* LaunchScreen.storyboard */ = {
			isa = PBXVariantGroup;
			children = (
				569BE79C1F699C3800151EF1 /* Base */,
			);
			name = LaunchScreen.storyboard;
			sourceTree = "<group>";
		};
/* End PBXVariantGroup section */

/* Begin XCBuildConfiguration section */
		569BE7B51F699C3800151EF1 /* Debug */ = {
			isa = XCBuildConfiguration;
			buildSettings = {
				ALWAYS_SEARCH_USER_PATHS = NO;
				CLANG_ANALYZER_NONNULL = YES;
				CLANG_ANALYZER_NUMBER_OBJECT_CONVERSION = YES_AGGRESSIVE;
				CLANG_CXX_LANGUAGE_STANDARD = "gnu++0x";
				CLANG_CXX_LIBRARY = "libc++";
				CLANG_ENABLE_MODULES = YES;
				CLANG_ENABLE_OBJC_ARC = YES;
				CLANG_WARN_BOOL_CONVERSION = YES;
				CLANG_WARN_CONSTANT_CONVERSION = YES;
				CLANG_WARN_DIRECT_OBJC_ISA_USAGE = YES_ERROR;
				CLANG_WARN_DOCUMENTATION_COMMENTS = YES;
				CLANG_WARN_EMPTY_BODY = YES;
				CLANG_WARN_ENUM_CONVERSION = YES;
				CLANG_WARN_INFINITE_RECURSION = YES;
				CLANG_WARN_INT_CONVERSION = YES;
				CLANG_WARN_OBJC_ROOT_CLASS = YES_ERROR;
				CLANG_WARN_SUSPICIOUS_MOVE = YES;
				CLANG_WARN_UNREACHABLE_CODE = YES;
				CLANG_WARN__DUPLICATE_METHOD_MATCH = YES;
				"CODE_SIGN_IDENTITY[sdk=iphoneos*]" = "iPhone Developer";
				COPY_PHASE_STRIP = NO;
				DEBUG_INFORMATION_FORMAT = dwarf;
				ENABLE_STRICT_OBJC_MSGSEND = YES;
				ENABLE_TESTABILITY = YES;
				GCC_C_LANGUAGE_STANDARD = gnu99;
				GCC_DYNAMIC_NO_PIC = NO;
				GCC_NO_COMMON_BLOCKS = YES;
				GCC_OPTIMIZATION_LEVEL = 0;
				GCC_PREPROCESSOR_DEFINITIONS = (
					"DEBUG=1",
					"$(inherited)",
				);
				GCC_WARN_64_TO_32_BIT_CONVERSION = YES;
				GCC_WARN_ABOUT_RETURN_TYPE = YES_ERROR;
				GCC_WARN_UNDECLARED_SELECTOR = YES;
				GCC_WARN_UNINITIALIZED_AUTOS = YES_AGGRESSIVE;
				GCC_WARN_UNUSED_FUNCTION = YES;
				GCC_WARN_UNUSED_VARIABLE = YES;
				IPHONEOS_DEPLOYMENT_TARGET = 10.3;
				MTL_ENABLE_DEBUG_INFO = YES;
				ONLY_ACTIVE_ARCH = YES;
				SDKROOT = iphoneos;
				TARGETED_DEVICE_FAMILY = "1,2";
			};
			name = Debug;
		};
		569BE7B61F699C3800151EF1 /* Release */ = {
			isa = XCBuildConfiguration;
			buildSettings = {
				ALWAYS_SEARCH_USER_PATHS = NO;
				CLANG_ANALYZER_NONNULL = YES;
				CLANG_ANALYZER_NUMBER_OBJECT_CONVERSION = YES_AGGRESSIVE;
				CLANG_CXX_LANGUAGE_STANDARD = "gnu++0x";
				CLANG_CXX_LIBRARY = "libc++";
				CLANG_ENABLE_MODULES = YES;
				CLANG_ENABLE_OBJC_ARC = YES;
				CLANG_WARN_BOOL_CONVERSION = YES;
				CLANG_WARN_CONSTANT_CONVERSION = YES;
				CLANG_WARN_DIRECT_OBJC_ISA_USAGE = YES_ERROR;
				CLANG_WARN_DOCUMENTATION_COMMENTS = YES;
				CLANG_WARN_EMPTY_BODY = YES;
				CLANG_WARN_ENUM_CONVERSION = YES;
				CLANG_WARN_INFINITE_RECURSION = YES;
				CLANG_WARN_INT_CONVERSION = YES;
				CLANG_WARN_OBJC_ROOT_CLASS = YES_ERROR;
				CLANG_WARN_SUSPICIOUS_MOVE = YES;
				CLANG_WARN_UNREACHABLE_CODE = YES;
				CLANG_WARN__DUPLICATE_METHOD_MATCH = YES;
				"CODE_SIGN_IDENTITY[sdk=iphoneos*]" = "iPhone Developer";
				COPY_PHASE_STRIP = NO;
				DEBUG_INFORMATION_FORMAT = "dwarf-with-dsym";
				ENABLE_NS_ASSERTIONS = NO;
				ENABLE_STRICT_OBJC_MSGSEND = YES;
				GCC_C_LANGUAGE_STANDARD = gnu99;
				GCC_NO_COMMON_BLOCKS = YES;
				GCC_WARN_64_TO_32_BIT_CONVERSION = YES;
				GCC_WARN_ABOUT_RETURN_TYPE = YES_ERROR;
				GCC_WARN_UNDECLARED_SELECTOR = YES;
				GCC_WARN_UNINITIALIZED_AUTOS = YES_AGGRESSIVE;
				GCC_WARN_UNUSED_FUNCTION = YES;
				GCC_WARN_UNUSED_VARIABLE = YES;
				IPHONEOS_DEPLOYMENT_TARGET = 10.3;
				MTL_ENABLE_DEBUG_INFO = NO;
				SDKROOT = iphoneos;
				TARGETED_DEVICE_FAMILY = "1,2";
				VALIDATE_PRODUCT = YES;
			};
			name = Release;
		};
		569BE7B81F699C3800151EF1 /* Debug */ = {
			isa = XCBuildConfiguration;
			baseConfigurationReference = 2FF1C56AC7BCE02D255E14BD /* Pods-the-test.debug.xcconfig */;
			buildSettings = {
				ASSETCATALOG_COMPILER_APPICON_NAME = AppIcon;
				INFOPLIST_FILE = "the-test/Info.plist";
				LD_RUNPATH_SEARCH_PATHS = "$(inherited) @executable_path/Frameworks";
				PRODUCT_BUNDLE_IDENTIFIER = "com.sara.the-test";
				PRODUCT_NAME = "$(TARGET_NAME)";
			};
			name = Debug;
		};
		569BE7B91F699C3800151EF1 /* Release */ = {
			isa = XCBuildConfiguration;
			baseConfigurationReference = 7E05D463CD18C6EA3D0D2348 /* Pods-the-test.release.xcconfig */;
			buildSettings = {
				ASSETCATALOG_COMPILER_APPICON_NAME = AppIcon;
				INFOPLIST_FILE = "the-test/Info.plist";
				LD_RUNPATH_SEARCH_PATHS = "$(inherited) @executable_path/Frameworks";
				PRODUCT_BUNDLE_IDENTIFIER = "com.sara.the-test";
				PRODUCT_NAME = "$(TARGET_NAME)";
			};
			name = Release;
		};
		569BE7BB1F699C3800151EF1 /* Debug */ = {
			isa = XCBuildConfiguration;
			baseConfigurationReference = 3FBD383B3DB910B7CE545D8D /* Pods-the-testTests.debug.xcconfig */;
			buildSettings = {
				BUNDLE_LOADER = "$(TEST_HOST)";
				INFOPLIST_FILE = "the-testTests/Info.plist";
				LD_RUNPATH_SEARCH_PATHS = "$(inherited) @executable_path/Frameworks @loader_path/Frameworks";
				PRODUCT_BUNDLE_IDENTIFIER = "com.sara.the-testTests";
				PRODUCT_NAME = "$(TARGET_NAME)";
				TEST_HOST = "$(BUILT_PRODUCTS_DIR)/the-test.app/the-test";
			};
			name = Debug;
		};
		569BE7BC1F699C3800151EF1 /* Release */ = {
			isa = XCBuildConfiguration;
			baseConfigurationReference = 666259FA4ACFD7B7A041BE11 /* Pods-the-testTests.release.xcconfig */;
			buildSettings = {
				BUNDLE_LOADER = "$(TEST_HOST)";
				INFOPLIST_FILE = "the-testTests/Info.plist";
				LD_RUNPATH_SEARCH_PATHS = "$(inherited) @executable_path/Frameworks @loader_path/Frameworks";
				PRODUCT_BUNDLE_IDENTIFIER = "com.sara.the-testTests";
				PRODUCT_NAME = "$(TARGET_NAME)";
				TEST_HOST = "$(BUILT_PRODUCTS_DIR)/the-test.app/the-test";
			};
			name = Release;
		};
		569BE7BE1F699C3800151EF1 /* Debug */ = {
			isa = XCBuildConfiguration;
			baseConfigurationReference = ED903CD61ADC24E7B14347CB /* Pods-the-testUITests.debug.xcconfig */;
			buildSettings = {
				INFOPLIST_FILE = "the-testUITests/Info.plist";
				LD_RUNPATH_SEARCH_PATHS = "$(inherited) @executable_path/Frameworks @loader_path/Frameworks";
				PRODUCT_BUNDLE_IDENTIFIER = "com.sara.the-testUITests";
				PRODUCT_NAME = "$(TARGET_NAME)";
				TEST_TARGET_NAME = "the-test";
			};
			name = Debug;
		};
		569BE7BF1F699C3800151EF1 /* Release */ = {
			isa = XCBuildConfiguration;
			baseConfigurationReference = A77FC5F5E8A3FC8DA920C063 /* Pods-the-testUITests.release.xcconfig */;
			buildSettings = {
				INFOPLIST_FILE = "the-testUITests/Info.plist";
				LD_RUNPATH_SEARCH_PATHS = "$(inherited) @executable_path/Frameworks @loader_path/Frameworks";
				PRODUCT_BUNDLE_IDENTIFIER = "com.sara.the-testUITests";
				PRODUCT_NAME = "$(TARGET_NAME)";
				TEST_TARGET_NAME = "the-test";
			};
			name = Release;
		};
/* End XCBuildConfiguration section */

/* Begin XCConfigurationList section */
		569BE7821F699C3800151EF1 /* Build configuration list for PBXProject "the-test" */ = {
			isa = XCConfigurationList;
			buildConfigurations = (
				569BE7B51F699C3800151EF1 /* Debug */,
				569BE7B61F699C3800151EF1 /* Release */,
			);
			defaultConfigurationIsVisible = 0;
			defaultConfigurationName = Release;
		};
		569BE7B71F699C3800151EF1 /* Build configuration list for PBXNativeTarget "the-test" */ = {
			isa = XCConfigurationList;
			buildConfigurations = (
				569BE7B81F699C3800151EF1 /* Debug */,
				569BE7B91F699C3800151EF1 /* Release */,
			);
			defaultConfigurationIsVisible = 0;
		};
		569BE7BA1F699C3800151EF1 /* Build configuration list for PBXNativeTarget "the-testTests" */ = {
			isa = XCConfigurationList;
			buildConfigurations = (
				569BE7BB1F699C3800151EF1 /* Debug */,
				569BE7BC1F699C3800151EF1 /* Release */,
			);
			defaultConfigurationIsVisible = 0;
		};
		569BE7BD1F699C3800151EF1 /* Build configuration list for PBXNativeTarget "the-testUITests" */ = {
			isa = XCConfigurationList;
			buildConfigurations = (
				569BE7BE1F699C3800151EF1 /* Debug */,
				569BE7BF1F699C3800151EF1 /* Release */,
			);
			defaultConfigurationIsVisible = 0;
		};
/* End XCConfigurationList section */

/* Begin XCVersionGroup section */
		569BE7961F699C3800151EF1 /* the_test.xcdatamodeld */ = {
			isa = XCVersionGroup;
			children = (
				569BE7971F699C3800151EF1 /* the_test.xcdatamodel */,
			);
			currentVersion = 569BE7971F699C3800151EF1 /* the_test.xcdatamodel */;
			path = the_test.xcdatamodeld;
			sourceTree = "<group>";
			versionGroupType = wrapper.xcdatamodel;
		};
/* End XCVersionGroup section */
	};
	rootObject = 569BE77F1F699C3800151EF1 /* Project object */;
}
